
Microsoft Visual Studio Solution File, Format Version 12.00
# Visual Studio Version 17
VisualStudioVersion = 17.4.33213.308
MinimumVisualStudioVersion = 10.0.40219.1
Project("{9A19103F-16F7-4668-BE54-9A1E7A4F7556}") = "Tasks", "Tasks\Tasks.csproj", "{986EB48A-1948-4AEF-96B7-16842F44891C}"
EndProject
Project("{9A19103F-16F7-4668-BE54-9A1E7A4F7556}") = "ContextSwitching", "ContextSwitching\ContextSwitching.csproj", "{D94454BA-AD73-48BC-A270-F61718C0DFF5}"
EndProject
Project("{9A19103F-16F7-4668-BE54-9A1E7A4F7556}") = "TaskWithIO", "TaskWithIO\TaskWithIO.csproj", "{2AF88AB3-E3DC-4F18-A470-6624DFFF885A}"
EndProject
Project("{9A19103F-16F7-4668-BE54-9A1E7A4F7556}") = "SharedResources", "SharedResources\SharedResources.csproj", "{7C6648D5-329D-43A7-B3C8-5D44AABD66D3}"
EndProject
Project("{9A19103F-16F7-4668-BE54-9A1E7A4F7556}") = "TaskWithContinuation", "TaskWithContinuation\TaskWithContinuation.csproj", "{724F344C-E213-40E4-934A-FE3587F4ABD8}"
EndProject
Project("{9A19103F-16F7-4668-BE54-9A1E7A4F7556}") = "LocalMemory", "LocalMemory\LocalMemory.csproj", "{6506474B-8BDB-4100-A444-E807EF8188F5}"
EndProject
Project("{9A19103F-16F7-4668-BE54-9A1E7A4F7556}") = "LocksAndMonitor", "LocksAndMonitor\LocksAndMonitor.csproj", "{F7F21D3C-0213-4502-A158-CEAD33C4AB0E}"
EndProject
Project("{9A19103F-16F7-4668-BE54-9A1E7A4F7556}") = "ThreadPoolDemo", "ThreadPoolDemo\ThreadPoolDemo.csproj", "{E3D0BAE5-4205-41A0-A9F4-831B2BA5B0BC}"
EndProject
Project("{2150E333-8FDC-42A3-9474-1A3956D46DE8}") = "Chapter2", "Chapter2", "{B13B6942-8D84-4194-BE2D-56C31B75250C}"
EndProject
Project("{9A19103F-16F7-4668-BE54-9A1E7A4F7556}") = "Concepts", "Concepts\Concepts.csproj", "{B4DD1990-E6E4-44A3-81A1-C609AE627342}"
EndProject
Project("{2150E333-8FDC-42A3-9474-1A3956D46DE8}") = "Chapter3", "Chapter3", "{00197553-1986-41C1-A212-2E041A8C8878}"
EndProject
Project("{9A19103F-16F7-4668-BE54-9A1E7A4F7556}") = "ExceptionsDemo", "ExceptionsDemo\ExceptionsDemo.csproj", "{6A71959E-68A5-465D-8BCF-BACF2D4D9BC8}"
EndProject
Project("{9A19103F-16F7-4668-BE54-9A1E7A4F7556}") = "NestedLocks", "NestedLocks\NestedLocks.csproj", "{AE982185-DBA2-4F4E-8FDD-D7A5252D20D6}"
EndProject
Project("{2150E333-8FDC-42A3-9474-1A3956D46DE8}") = "Chapter1", "Chapter1", "{A34FA39F-BBF2-4F8E-AC40-EBFA537A0068}"
EndProject
Project("{9A19103F-16F7-4668-BE54-9A1E7A4F7556}") = "Deadlocks", "Deadlocks\Deadlocks.csproj", "{41264C79-CE92-45C4-969F-8A293DCCA28B}"
EndProject
Project("{9A19103F-16F7-4668-BE54-9A1E7A4F7556}") = "ReaderWriterLock", "ReaderWriterLock\ReaderWriterLock.csproj", "{DBBA80D5-FF05-4FBB-B454-1D3FF30F354A}"
EndProject
Global
	GlobalSection(SolutionConfigurationPlatforms) = preSolution
		Debug|Any CPU = Debug|Any CPU
		Release|Any CPU = Release|Any CPU
	EndGlobalSection
	GlobalSection(ProjectConfigurationPlatforms) = postSolution
		{986EB48A-1948-4AEF-96B7-16842F44891C}.Debug|Any CPU.ActiveCfg = Debug|Any CPU
		{986EB48A-1948-4AEF-96B7-16842F44891C}.Debug|Any CPU.Build.0 = Debug|Any CPU
		{986EB48A-1948-4AEF-96B7-16842F44891C}.Release|Any CPU.ActiveCfg = Release|Any CPU
		{986EB48A-1948-4AEF-96B7-16842F44891C}.Release|Any CPU.Build.0 = Release|Any CPU
		{D94454BA-AD73-48BC-A270-F61718C0DFF5}.Debug|Any CPU.ActiveCfg = Debug|Any CPU
		{D94454BA-AD73-48BC-A270-F61718C0DFF5}.Debug|Any CPU.Build.0 = Debug|Any CPU
		{D94454BA-AD73-48BC-A270-F61718C0DFF5}.Release|Any CPU.ActiveCfg = Release|Any CPU
		{D94454BA-AD73-48BC-A270-F61718C0DFF5}.Release|Any CPU.Build.0 = Release|Any CPU
		{2AF88AB3-E3DC-4F18-A470-6624DFFF885A}.Debug|Any CPU.ActiveCfg = Debug|Any CPU
		{2AF88AB3-E3DC-4F18-A470-6624DFFF885A}.Debug|Any CPU.Build.0 = Debug|Any CPU
		{2AF88AB3-E3DC-4F18-A470-6624DFFF885A}.Release|Any CPU.ActiveCfg = Release|Any CPU
		{2AF88AB3-E3DC-4F18-A470-6624DFFF885A}.Release|Any CPU.Build.0 = Release|Any CPU
		{7C6648D5-329D-43A7-B3C8-5D44AABD66D3}.Debug|Any CPU.ActiveCfg = Debug|Any CPU
		{7C6648D5-329D-43A7-B3C8-5D44AABD66D3}.Debug|Any CPU.Build.0 = Debug|Any CPU
		{7C6648D5-329D-43A7-B3C8-5D44AABD66D3}.Release|Any CPU.ActiveCfg = Release|Any CPU
		{7C6648D5-329D-43A7-B3C8-5D44AABD66D3}.Release|Any CPU.Build.0 = Release|Any CPU
		{724F344C-E213-40E4-934A-FE3587F4ABD8}.Debug|Any CPU.ActiveCfg = Debug|Any CPU
		{724F344C-E213-40E4-934A-FE3587F4ABD8}.Debug|Any CPU.Build.0 = Debug|Any CPU
		{724F344C-E213-40E4-934A-FE3587F4ABD8}.Release|Any CPU.ActiveCfg = Release|Any CPU
		{724F344C-E213-40E4-934A-FE3587F4ABD8}.Release|Any CPU.Build.0 = Release|Any CPU
		{6506474B-8BDB-4100-A444-E807EF8188F5}.Debug|Any CPU.ActiveCfg = Debug|Any CPU
		{6506474B-8BDB-4100-A444-E807EF8188F5}.Debug|Any CPU.Build.0 = Debug|Any CPU
		{6506474B-8BDB-4100-A444-E807EF8188F5}.Release|Any CPU.ActiveCfg = Release|Any CPU
		{6506474B-8BDB-4100-A444-E807EF8188F5}.Release|Any CPU.Build.0 = Release|Any CPU
		{F7F21D3C-0213-4502-A158-CEAD33C4AB0E}.Debug|Any CPU.ActiveCfg = Debug|Any CPU
		{F7F21D3C-0213-4502-A158-CEAD33C4AB0E}.Debug|Any CPU.Build.0 = Debug|Any CPU
		{F7F21D3C-0213-4502-A158-CEAD33C4AB0E}.Release|Any CPU.ActiveCfg = Release|Any CPU
		{F7F21D3C-0213-4502-A158-CEAD33C4AB0E}.Release|Any CPU.Build.0 = Release|Any CPU
		{E3D0BAE5-4205-41A0-A9F4-831B2BA5B0BC}.Debug|Any CPU.ActiveCfg = Debug|Any CPU
		{E3D0BAE5-4205-41A0-A9F4-831B2BA5B0BC}.Debug|Any CPU.Build.0 = Debug|Any CPU
		{E3D0BAE5-4205-41A0-A9F4-831B2BA5B0BC}.Release|Any CPU.ActiveCfg = Release|Any CPU
		{E3D0BAE5-4205-41A0-A9F4-831B2BA5B0BC}.Release|Any CPU.Build.0 = Release|Any CPU
		{B4DD1990-E6E4-44A3-81A1-C609AE627342}.Debug|Any CPU.ActiveCfg = Debug|Any CPU
		{B4DD1990-E6E4-44A3-81A1-C609AE627342}.Debug|Any CPU.Build.0 = Debug|Any CPU
		{B4DD1990-E6E4-44A3-81A1-C609AE627342}.Release|Any CPU.ActiveCfg = Release|Any CPU
		{B4DD1990-E6E4-44A3-81A1-C609AE627342}.Release|Any CPU.Build.0 = Release|Any CPU
		{6A71959E-68A5-465D-8BCF-BACF2D4D9BC8}.Debug|Any CPU.ActiveCfg = Debug|Any CPU
		{6A71959E-68A5-465D-8BCF-BACF2D4D9BC8}.Debug|Any CPU.Build.0 = Debug|Any CPU
		{6A71959E-68A5-465D-8BCF-BACF2D4D9BC8}.Release|Any CPU.ActiveCfg = Release|Any CPU
		{6A71959E-68A5-465D-8BCF-BACF2D4D9BC8}.Release|Any CPU.Build.0 = Release|Any CPU
		{AE982185-DBA2-4F4E-8FDD-D7A5252D20D6}.Debug|Any CPU.ActiveCfg = Debug|Any CPU
		{AE982185-DBA2-4F4E-8FDD-D7A5252D20D6}.Debug|Any CPU.Build.0 = Debug|Any CPU
		{AE982185-DBA2-4F4E-8FDD-D7A5252D20D6}.Release|Any CPU.ActiveCfg = Release|Any CPU
		{AE982185-DBA2-4F4E-8FDD-D7A5252D20D6}.Release|Any CPU.Build.0 = Release|Any CPU
		{41264C79-CE92-45C4-969F-8A293DCCA28B}.Debug|Any CPU.ActiveCfg = Debug|Any CPU
		{41264C79-CE92-45C4-969F-8A293DCCA28B}.Debug|Any CPU.Build.0 = Debug|Any CPU
		{41264C79-CE92-45C4-969F-8A293DCCA28B}.Release|Any CPU.ActiveCfg = Release|Any CPU
		{41264C79-CE92-45C4-969F-8A293DCCA28B}.Release|Any CPU.Build.0 = Release|Any CPU
		{DBBA80D5-FF05-4FBB-B454-1D3FF30F354A}.Debug|Any CPU.ActiveCfg = Debug|Any CPU
		{DBBA80D5-FF05-4FBB-B454-1D3FF30F354A}.Debug|Any CPU.Build.0 = Debug|Any CPU
		{DBBA80D5-FF05-4FBB-B454-1D3FF30F354A}.Release|Any CPU.ActiveCfg = Release|Any CPU
		{DBBA80D5-FF05-4FBB-B454-1D3FF30F354A}.Release|Any CPU.Build.0 = Release|Any CPU
	EndGlobalSection
	GlobalSection(SolutionProperties) = preSolution
		HideSolutionNode = FALSE
	EndGlobalSection
	GlobalSection(NestedProjects) = preSolution
		{986EB48A-1948-4AEF-96B7-16842F44891C} = {B13B6942-8D84-4194-BE2D-56C31B75250C}
		{D94454BA-AD73-48BC-A270-F61718C0DFF5} = {A34FA39F-BBF2-4F8E-AC40-EBFA537A0068}
		{2AF88AB3-E3DC-4F18-A470-6624DFFF885A} = {B13B6942-8D84-4194-BE2D-56C31B75250C}
		{7C6648D5-329D-43A7-B3C8-5D44AABD66D3} = {A34FA39F-BBF2-4F8E-AC40-EBFA537A0068}
		{724F344C-E213-40E4-934A-FE3587F4ABD8} = {B13B6942-8D84-4194-BE2D-56C31B75250C}
		{6506474B-8BDB-4100-A444-E807EF8188F5} = {A34FA39F-BBF2-4F8E-AC40-EBFA537A0068}
		{F7F21D3C-0213-4502-A158-CEAD33C4AB0E} = {00197553-1986-41C1-A212-2E041A8C8878}
		{E3D0BAE5-4205-41A0-A9F4-831B2BA5B0BC} = {A34FA39F-BBF2-4F8E-AC40-EBFA537A0068}
		{B4DD1990-E6E4-44A3-81A1-C609AE627342} = {A34FA39F-BBF2-4F8E-AC40-EBFA537A0068}
		{6A71959E-68A5-465D-8BCF-BACF2D4D9BC8} = {A34FA39F-BBF2-4F8E-AC40-EBFA537A0068}
		{AE982185-DBA2-4F4E-8FDD-D7A5252D20D6} = {00197553-1986-41C1-A212-2E041A8C8878}
		{41264C79-CE92-45C4-969F-8A293DCCA28B} = {00197553-1986-41C1-A212-2E041A8C8878}
		{DBBA80D5-FF05-4FBB-B454-1D3FF30F354A} = {00197553-1986-41C1-A212-2E041A8C8878}
	EndGlobalSection
	GlobalSection(ExtensibilityGlobals) = postSolution
		SolutionGuid = {922099DA-9CF0-44A5-AE89-F09712CFAC6E}
	EndGlobalSection
EndGlobal
