
Microsoft Visual Studio Solution File, Format Version 12.00
# Visual Studio Version 17
VisualStudioVersion = 17.4.33213.308
MinimumVisualStudioVersion = 10.0.40219.1
Project("{FAE04EC0-301F-11D3-BF4B-00C04F79EFBC}") = "Tasks", "Tasks\Tasks.csproj", "{986EB48A-1948-4AEF-96B7-16842F44891C}"
EndProject
Project("{FAE04EC0-301F-11D3-BF4B-00C04F79EFBC}") = "TaskWithIO", "TaskWithIO\TaskWithIO.csproj", "{2AF88AB3-E3DC-4F18-A470-6624DFFF885A}"
EndProject
Project("{FAE04EC0-301F-11D3-BF4B-00C04F79EFBC}") = "TaskWithContinuation", "TaskWithContinuation\TaskWithContinuation.csproj", "{724F344C-E213-40E4-934A-FE3587F4ABD8}"
EndProject
Project("{FAE04EC0-301F-11D3-BF4B-00C04F79EFBC}") = "LocksAndMonitor", "LocksAndMonitor\LocksAndMonitor.csproj", "{F7F21D3C-0213-4502-A158-CEAD33C4AB0E}"
EndProject
Project("{2150E333-8FDC-42A3-9474-1A3956D46DE8}") = "Capter2", "Capter2", "{B13B6942-8D84-4194-BE2D-56C31B75250C}"
EndProject
Global
	GlobalSection(SolutionConfigurationPlatforms) = preSolution
		Debug|Any CPU = Debug|Any CPU
		Release|Any CPU = Release|Any CPU
	EndGlobalSection
	GlobalSection(ProjectConfigurationPlatforms) = postSolution
		{986EB48A-1948-4AEF-96B7-16842F44891C}.Debug|Any CPU.ActiveCfg = Debug|Any CPU
		{986EB48A-1948-4AEF-96B7-16842F44891C}.Debug|Any CPU.Build.0 = Debug|Any CPU
		{986EB48A-1948-4AEF-96B7-16842F44891C}.Release|Any CPU.ActiveCfg = Release|Any CPU
		{986EB48A-1948-4AEF-96B7-16842F44891C}.Release|Any CPU.Build.0 = Release|Any CPU
		{2AF88AB3-E3DC-4F18-A470-6624DFFF885A}.Debug|Any CPU.ActiveCfg = Debug|Any CPU
		{2AF88AB3-E3DC-4F18-A470-6624DFFF885A}.Debug|Any CPU.Build.0 = Debug|Any CPU
		{2AF88AB3-E3DC-4F18-A470-6624DFFF885A}.Release|Any CPU.ActiveCfg = Release|Any CPU
		{2AF88AB3-E3DC-4F18-A470-6624DFFF885A}.Release|Any CPU.Build.0 = Release|Any CPU
		{724F344C-E213-40E4-934A-FE3587F4ABD8}.Debug|Any CPU.ActiveCfg = Debug|Any CPU
		{724F344C-E213-40E4-934A-FE3587F4ABD8}.Debug|Any CPU.Build.0 = Debug|Any CPU
		{724F344C-E213-40E4-934A-FE3587F4ABD8}.Release|Any CPU.ActiveCfg = Release|Any CPU
		{724F344C-E213-40E4-934A-FE3587F4ABD8}.Release|Any CPU.Build.0 = Release|Any CPU
		{F7F21D3C-0213-4502-A158-CEAD33C4AB0E}.Debug|Any CPU.ActiveCfg = Debug|Any CPU
		{F7F21D3C-0213-4502-A158-CEAD33C4AB0E}.Debug|Any CPU.Build.0 = Debug|Any CPU
		{F7F21D3C-0213-4502-A158-CEAD33C4AB0E}.Release|Any CPU.ActiveCfg = Release|Any CPU
		{F7F21D3C-0213-4502-A158-CEAD33C4AB0E}.Release|Any CPU.Build.0 = Release|Any CPU
	EndGlobalSection
	GlobalSection(SolutionProperties) = preSolution
		HideSolutionNode = FALSE
	EndGlobalSection
	GlobalSection(NestedProjects) = preSolution
		{986EB48A-1948-4AEF-96B7-16842F44891C} = {B13B6942-8D84-4194-BE2D-56C31B75250C}
		{2AF88AB3-E3DC-4F18-A470-6624DFFF885A} = {B13B6942-8D84-4194-BE2D-56C31B75250C}
		{724F344C-E213-40E4-934A-FE3587F4ABD8} = {B13B6942-8D84-4194-BE2D-56C31B75250C}
	EndGlobalSection
	GlobalSection(ExtensibilityGlobals) = postSolution
		SolutionGuid = {922099DA-9CF0-44A5-AE89-F09712CFAC6E}
	EndGlobalSection
EndGlobal
